
Microsoft Visual Studio Solution File, Format Version 12.00
# Visual Studio Version 16
VisualStudioVersion = 16.0.28803.202
MinimumVisualStudioVersion = 10.0.40219.1
Project("{8BC9CEB8-8B4A-11D0-8D11-00A0C91BC942}") = "ACU-RE", "CommonLibACU\ACU-RE\ACU-RE.vcxproj", "{3CE83CE0-69AA-4C6E-9476-2E9DC734B47F}"
EndProject
Project("{8BC9CEB8-8B4A-11D0-8D11-00A0C91BC942}") = "Serialization", "CommonLibACU\Serialization\Serialization.vcxproj", "{7F95D10E-E7EA-42C6-8BFB-A01756337677}"
EndProject
Project("{8BC9CEB8-8B4A-11D0-8D11-00A0C91BC942}") = "AutoAssemblerKinda", "CommonLibACU\AutoAssemblerKinda\AutoAssemblerKinda.vcxproj", "{545FD0F0-C203-4600-AD7F-4600F7907B89}"
EndProject
Project("{8BC9CEB8-8B4A-11D0-8D11-00A0C91BC942}") = "Common_PluginSide", "CommonLibACU\Common_PluginSide\Common_PluginSide.vcxproj", "{707FA1AF-9276-42CA-87FC-1382164270B3}"
EndProject
Project("{8BC9CEB8-8B4A-11D0-8D11-00A0C91BC942}") = "DearImGui", "CommonLibACU\DearImGui\DearImGui.vcxproj", "{A7A4F65C-61C0-42DA-A457-2558090657A3}"
EndProject
Project("{2150E333-8FDC-42A3-9474-1A3956D46DE8}") = "Libs", "Libs", "{F488EDCA-7311-4B19-8F18-24B9961336D4}"
EndProject
Global
	GlobalSection(SolutionConfigurationPlatforms) = preSolution
		Debug|x64 = Debug|x64
		Debug|x86 = Debug|x86
		Release|x64 = Release|x64
		Release|x86 = Release|x86
	EndGlobalSection
	GlobalSection(ProjectConfigurationPlatforms) = postSolution
		{3CE83CE0-69AA-4C6E-9476-2E9DC734B47F}.Debug|x64.ActiveCfg = Debug|x64
		{3CE83CE0-69AA-4C6E-9476-2E9DC734B47F}.Debug|x64.Build.0 = Debug|x64
		{3CE83CE0-69AA-4C6E-9476-2E9DC734B47F}.Debug|x86.ActiveCfg = Debug|Win32
		{3CE83CE0-69AA-4C6E-9476-2E9DC734B47F}.Debug|x86.Build.0 = Debug|Win32
		{3CE83CE0-69AA-4C6E-9476-2E9DC734B47F}.Release|x64.ActiveCfg = Release|x64
		{3CE83CE0-69AA-4C6E-9476-2E9DC734B47F}.Release|x64.Build.0 = Release|x64
		{3CE83CE0-69AA-4C6E-9476-2E9DC734B47F}.Release|x86.ActiveCfg = Release|Win32
		{3CE83CE0-69AA-4C6E-9476-2E9DC734B47F}.Release|x86.Build.0 = Release|Win32
		{7F95D10E-E7EA-42C6-8BFB-A01756337677}.Debug|x64.ActiveCfg = Debug|x64
		{7F95D10E-E7EA-42C6-8BFB-A01756337677}.Debug|x64.Build.0 = Debug|x64
		{7F95D10E-E7EA-42C6-8BFB-A01756337677}.Debug|x86.ActiveCfg = Debug|Win32
		{7F95D10E-E7EA-42C6-8BFB-A01756337677}.Debug|x86.Build.0 = Debug|Win32
		{7F95D10E-E7EA-42C6-8BFB-A01756337677}.Release|x64.ActiveCfg = Release|x64
		{7F95D10E-E7EA-42C6-8BFB-A01756337677}.Release|x64.Build.0 = Release|x64
		{7F95D10E-E7EA-42C6-8BFB-A01756337677}.Release|x86.ActiveCfg = Release|Win32
		{7F95D10E-E7EA-42C6-8BFB-A01756337677}.Release|x86.Build.0 = Release|Win32
		{545FD0F0-C203-4600-AD7F-4600F7907B89}.Debug|x64.ActiveCfg = Debug|x64
		{545FD0F0-C203-4600-AD7F-4600F7907B89}.Debug|x64.Build.0 = Debug|x64
		{545FD0F0-C203-4600-AD7F-4600F7907B89}.Debug|x86.ActiveCfg = Debug|Win32
		{545FD0F0-C203-4600-AD7F-4600F7907B89}.Debug|x86.Build.0 = Debug|Win32
		{545FD0F0-C203-4600-AD7F-4600F7907B89}.Release|x64.ActiveCfg = Release|x64
		{545FD0F0-C203-4600-AD7F-4600F7907B89}.Release|x64.Build.0 = Release|x64
		{545FD0F0-C203-4600-AD7F-4600F7907B89}.Release|x86.ActiveCfg = Release|Win32
		{545FD0F0-C203-4600-AD7F-4600F7907B89}.Release|x86.Build.0 = Release|Win32
		{707FA1AF-9276-42CA-87FC-1382164270B3}.Debug|x64.ActiveCfg = Debug|x64
		{707FA1AF-9276-42CA-87FC-1382164270B3}.Debug|x64.Build.0 = Debug|x64
		{707FA1AF-9276-42CA-87FC-1382164270B3}.Debug|x86.ActiveCfg = Debug|Win32
		{707FA1AF-9276-42CA-87FC-1382164270B3}.Debug|x86.Build.0 = Debug|Win32
		{707FA1AF-9276-42CA-87FC-1382164270B3}.Release|x64.ActiveCfg = Release|x64
		{707FA1AF-9276-42CA-87FC-1382164270B3}.Release|x64.Build.0 = Release|x64
		{707FA1AF-9276-42CA-87FC-1382164270B3}.Release|x86.ActiveCfg = Release|Win32
		{707FA1AF-9276-42CA-87FC-1382164270B3}.Release|x86.Build.0 = Release|Win32
		{A7A4F65C-61C0-42DA-A457-2558090657A3}.Debug|x64.ActiveCfg = Debug|x64
		{A7A4F65C-61C0-42DA-A457-2558090657A3}.Debug|x64.Build.0 = Debug|x64
		{A7A4F65C-61C0-42DA-A457-2558090657A3}.Debug|x86.ActiveCfg = Debug|Win32
		{A7A4F65C-61C0-42DA-A457-2558090657A3}.Debug|x86.Build.0 = Debug|Win32
		{A7A4F65C-61C0-42DA-A457-2558090657A3}.Release|x64.ActiveCfg = Release|x64
		{A7A4F65C-61C0-42DA-A457-2558090657A3}.Release|x64.Build.0 = Release|x64
		{A7A4F65C-61C0-42DA-A457-2558090657A3}.Release|x86.ActiveCfg = Release|Win32
		{A7A4F65C-61C0-42DA-A457-2558090657A3}.Release|x86.Build.0 = Release|Win32
	EndGlobalSection
	GlobalSection(SolutionProperties) = preSolution
		HideSolutionNode = FALSE
	EndGlobalSection
	GlobalSection(NestedProjects) = preSolution
		{3CE83CE0-69AA-4C6E-9476-2E9DC734B47F} = {F488EDCA-7311-4B19-8F18-24B9961336D4}
		{7F95D10E-E7EA-42C6-8BFB-A01756337677} = {F488EDCA-7311-4B19-8F18-24B9961336D4}
		{545FD0F0-C203-4600-AD7F-4600F7907B89} = {F488EDCA-7311-4B19-8F18-24B9961336D4}
		{707FA1AF-9276-42CA-87FC-1382164270B3} = {F488EDCA-7311-4B19-8F18-24B9961336D4}
		{A7A4F65C-61C0-42DA-A457-2558090657A3} = {F488EDCA-7311-4B19-8F18-24B9961336D4}
	EndGlobalSection
	GlobalSection(ExtensibilityGlobals) = postSolution
		SolutionGuid = {EF2D1A87-E352-493B-9E27-E74CF6F65FE4}
	EndGlobalSection
EndGlobal
